
Microsoft Visual Studio Solution File, Format Version 12.00
# Visual Studio Version 16
VisualStudioVersion = 16.0.29411.108
MinimumVisualStudioVersion = 10.0.40219.1
Project("{F184B08F-C81C-45F6-A57F-5ABD9991F28F}") = "Paint", "Paint\Paint.vbproj", "{20A7E1CB-CDF9-4B0D-B1C7-EAB8816629BD}"
EndProject
Global
	GlobalSection(SolutionConfigurationPlatforms) = preSolution
		Debug|Any CPU = Debug|Any CPU
		Release|Any CPU = Release|Any CPU
	EndGlobalSection
	GlobalSection(ProjectConfigurationPlatforms) = postSolution
		{20A7E1CB-CDF9-4B0D-B1C7-EAB8816629BD}.Debug|Any CPU.ActiveCfg = Debug|Any CPU
		{20A7E1CB-CDF9-4B0D-B1C7-EAB8816629BD}.Debug|Any CPU.Build.0 = Debug|Any CPU
		{20A7E1CB-CDF9-4B0D-B1C7-EAB8816629BD}.Release|Any CPU.ActiveCfg = Release|Any CPU
		{20A7E1CB-CDF9-4B0D-B1C7-EAB8816629BD}.Release|Any CPU.Build.0 = Release|Any CPU
	EndGlobalSection
	GlobalSection(SolutionProperties) = preSolution
		HideSolutionNode = FALSE
	EndGlobalSection
	GlobalSection(ExtensibilityGlobals) = postSolution
		SolutionGuid = {DFEF69A4-C603-4DDC-95F4-4F28AE61EA6A}
	EndGlobalSection
EndGlobal
